
Microsoft Visual Studio Solution File, Format Version 12.00
# Visual Studio Version 17
VisualStudioVersion = 17.1.32210.238
MinimumVisualStudioVersion = 10.0.40219.1
Project("{FAE04EC0-301F-11D3-BF4B-00C04F79EFBC}") = "Git-formation", "Git-formation.csproj", "{EFF590BA-D371-401B-8906-2B58264FC958}"
EndProject
Global
	GlobalSection(SolutionConfigurationPlatforms) = preSolution
		Debug|Any CPU = Debug|Any CPU
		Release|Any CPU = Release|Any CPU
	EndGlobalSection
	GlobalSection(ProjectConfigurationPlatforms) = postSolution
		{EFF590BA-D371-401B-8906-2B58264FC958}.Debug|Any CPU.ActiveCfg = Debug|Any CPU
		{EFF590BA-D371-401B-8906-2B58264FC958}.Debug|Any CPU.Build.0 = Debug|Any CPU
		{EFF590BA-D371-401B-8906-2B58264FC958}.Release|Any CPU.ActiveCfg = Release|Any CPU
		{EFF590BA-D371-401B-8906-2B58264FC958}.Release|Any CPU.Build.0 = Release|Any CPU
	EndGlobalSection
	GlobalSection(SolutionProperties) = preSolution
		HideSolutionNode = FALSE
	EndGlobalSection
	GlobalSection(ExtensibilityGlobals) = postSolution
		SolutionGuid = {CE8D100F-5522-42B7-8A06-77762C850751}
	EndGlobalSection
EndGlobal
